
Microsoft Visual Studio Solution File, Format Version 12.00
# Visual Studio 15
VisualStudioVersion = 15.0.28010.2036
MinimumVisualStudioVersion = 10.0.40219.1
Project("{FAE04EC0-301F-11D3-BF4B-00C04F79EFBC}") = "WorkFlow", "WorkFlow\WorkFlow.csproj", "{CFD5F16F-CF8C-4DEC-A407-A94AFA7F5605}"
EndProject
Global
	GlobalSection(SolutionConfigurationPlatforms) = preSolution
		Debug|Any CPU = Debug|Any CPU
		Release|Any CPU = Release|Any CPU
	EndGlobalSection
	GlobalSection(ProjectConfigurationPlatforms) = postSolution
		{CFD5F16F-CF8C-4DEC-A407-A94AFA7F5605}.Debug|Any CPU.ActiveCfg = Debug|Any CPU
		{CFD5F16F-CF8C-4DEC-A407-A94AFA7F5605}.Debug|Any CPU.Build.0 = Debug|Any CPU
		{CFD5F16F-CF8C-4DEC-A407-A94AFA7F5605}.Release|Any CPU.ActiveCfg = Release|Any CPU
		{CFD5F16F-CF8C-4DEC-A407-A94AFA7F5605}.Release|Any CPU.Build.0 = Release|Any CPU
	EndGlobalSection
	GlobalSection(SolutionProperties) = preSolution
		HideSolutionNode = FALSE
	EndGlobalSection
	GlobalSection(ExtensibilityGlobals) = postSolution
		SolutionGuid = {2D499424-E8CD-4704-9483-4A8F1AF30206}
	EndGlobalSection
EndGlobal
